
Microsoft Visual Studio Solution File, Format Version 12.00
# Visual Studio Version 17
VisualStudioVersion = 17.3.32929.385
MinimumVisualStudioVersion = 10.0.40219.1
Project("{FAE04EC0-301F-11D3-BF4B-00C04F79EFBC}") = "BetterAddressBook", "BetterAddressBook\BetterAddressBook.csproj", "{4AF3373C-B930-43AF-8C18-7696910C8D2E}"
EndProject
Global
	GlobalSection(SolutionConfigurationPlatforms) = preSolution
		Debug|Any CPU = Debug|Any CPU
		Release|Any CPU = Release|Any CPU
	EndGlobalSection
	GlobalSection(ProjectConfigurationPlatforms) = postSolution
		{4AF3373C-B930-43AF-8C18-7696910C8D2E}.Debug|Any CPU.ActiveCfg = Debug|Any CPU
		{4AF3373C-B930-43AF-8C18-7696910C8D2E}.Debug|Any CPU.Build.0 = Debug|Any CPU
		{4AF3373C-B930-43AF-8C18-7696910C8D2E}.Release|Any CPU.ActiveCfg = Release|Any CPU
		{4AF3373C-B930-43AF-8C18-7696910C8D2E}.Release|Any CPU.Build.0 = Release|Any CPU
	EndGlobalSection
	GlobalSection(SolutionProperties) = preSolution
		HideSolutionNode = FALSE
	EndGlobalSection
	GlobalSection(ExtensibilityGlobals) = postSolution
		SolutionGuid = {80573524-D8DC-41C5-96A5-45E6F0586B5F}
	EndGlobalSection
EndGlobal
